
Microsoft Visual Studio Solution File, Format Version 12.00
# Visual Studio Version 16
VisualStudioVersion = 16.0.29519.87
MinimumVisualStudioVersion = 10.0.40219.1
Project("{9A19103F-16F7-4668-BE54-9A1E7A4F7556}") = "AsyncObservable2", "AsyncObservable2\AsyncObservable2.csproj", "{319EB406-6213-4566-8EFF-EE36C18BC985}"
EndProject
Project("{FAE04EC0-301F-11D3-BF4B-00C04F79EFBC}") = "AsyncObservable2.Tests", "AsyncObservable2.Tests\AsyncObservable2.Tests.csproj", "{3281DDF2-5505-4F74-9B7D-D2BB5B9080A7}"
EndProject
Global
	GlobalSection(SolutionConfigurationPlatforms) = preSolution
		Debug|Any CPU = Debug|Any CPU
		Release|Any CPU = Release|Any CPU
	EndGlobalSection
	GlobalSection(ProjectConfigurationPlatforms) = postSolution
		{319EB406-6213-4566-8EFF-EE36C18BC985}.Debug|Any CPU.ActiveCfg = Debug|Any CPU
		{319EB406-6213-4566-8EFF-EE36C18BC985}.Debug|Any CPU.Build.0 = Debug|Any CPU
		{319EB406-6213-4566-8EFF-EE36C18BC985}.Release|Any CPU.ActiveCfg = Release|Any CPU
		{319EB406-6213-4566-8EFF-EE36C18BC985}.Release|Any CPU.Build.0 = Release|Any CPU
		{3281DDF2-5505-4F74-9B7D-D2BB5B9080A7}.Debug|Any CPU.ActiveCfg = Debug|Any CPU
		{3281DDF2-5505-4F74-9B7D-D2BB5B9080A7}.Debug|Any CPU.Build.0 = Debug|Any CPU
		{3281DDF2-5505-4F74-9B7D-D2BB5B9080A7}.Release|Any CPU.ActiveCfg = Release|Any CPU
		{3281DDF2-5505-4F74-9B7D-D2BB5B9080A7}.Release|Any CPU.Build.0 = Release|Any CPU
	EndGlobalSection
	GlobalSection(SolutionProperties) = preSolution
		HideSolutionNode = FALSE
	EndGlobalSection
	GlobalSection(ExtensibilityGlobals) = postSolution
		SolutionGuid = {F25E84CA-6E38-41C1-8866-73E13F2804BC}
	EndGlobalSection
EndGlobal
